# This file is generated by running "yarn install" inside your project.
# Manual changes might be lost - proceed with caution!

__metadata:
  version: 8
  cacheKey: 10c0

"@types/node@npm:^20.8.7":
  version: 20.8.7
  resolution: "@types/node@npm:20.8.7"
  dependencies:
    undici-types: "npm:~5.25.1"
  checksum: e82b87e7f3f4c12acc5803db21f9144d5e87c20841db9ae98746958e038064700ab04294d08a3714a3df8bd710a974998e2e423443a5d031840cbba17fa126a7
  languageName: node
  linkType: hard

"csv-generate@npm:^4.3.0":
  version: 4.3.0
  resolution: "csv-generate@npm:4.3.0"
  checksum: f131041efaf33dff0f33c0dcac51785a2d9d9dccffff0a48f53aed7a71b755c87ee028f8982296ce52f2ce38710b9c971fa283c6fa2e5d4a357d9aa3f4445813
  languageName: node
  linkType: hard

"csv-parse@npm:^5.5.2":
  version: 5.5.2
  resolution: "csv-parse@npm:5.5.2"
  checksum: 96e2f0afd4f74a43908d197379cbbc59b73d144fc54208763e838614e1b98f5be23c4c3e707ead1ed4dd838b9f515f40ea6d2c98dbd3a50becb4663e982d1f78
  languageName: node
  linkType: hard

"csv-stringify@npm:^6.4.4":
  version: 6.4.4
  resolution: "csv-stringify@npm:6.4.4"
  checksum: 52123a2391a4bef416c54c03cb1ba988d3f1b5e7798602068a4def1c5ee3942b60b8cb07c8b41bc6a0cfad57c0a2a4fe8c55debbc8f9621f035565f56acb8785
  languageName: node
  linkType: hard

"csv@npm:^6.3.5":
  version: 6.3.5
  resolution: "csv@npm:6.3.5"
  dependencies:
    csv-generate: "npm:^4.3.0"
    csv-parse: "npm:^5.5.2"
    csv-stringify: "npm:^6.4.4"
    stream-transform: "npm:^3.2.10"
  checksum: fc160d60432e35e18ee8249710b9f1d8726fc28c82a111bad3dc2ed48aa55d7ae392fdc29ce135adfec4a65b5cbec57ac2eabe7b7235e9b0ad640732ee92e888
  languageName: node
  linkType: hard

"iso-country-currency@npm:^0.7.2":
  version: 0.7.2
  resolution: "iso-country-currency@npm:0.7.2"
  checksum: 997ef55fd60d6d8c024551e843fa676a5e8cf91a78fbe877a3b34011931c0324e09860b55d3b62068cf3b7672d40320f1ca2d3769c8f401410b27c42e338439c
  languageName: node
  linkType: hard

"stream-transform@npm:^3.2.10":
  version: 3.2.10
  resolution: "stream-transform@npm:3.2.10"
  checksum: 06e67869b9432d657f34ab7ee1ebba06ccc1cd457b9edc7ddfc80e1ecc562ec622a5e03a61ed7187250dd423a8f0820df1692644d40a737d6f028ac0508ea34b
  languageName: node
  linkType: hard

"typescript@npm:^5.2.2":
  version: 5.2.2
  resolution: "typescript@npm:5.2.2"
  bin:
    tsc: bin/tsc
    tsserver: bin/tsserver
  checksum: 91ae3e6193d0ddb8656d4c418a033f0f75dec5e077ebbc2bd6d76439b93f35683936ee1bdc0e9cf94ec76863aa49f27159b5788219b50e1cd0cd6d110aa34b07
  languageName: node
  linkType: hard

"typescript@patch:typescript@npm%3A^5.2.2#optional!builtin<compat/typescript>":
  version: 5.2.2
  resolution: "typescript@patch:typescript@npm%3A5.2.2#optional!builtin<compat/typescript>::version=5.2.2&hash=f3b441"
  bin:
    tsc: bin/tsc
    tsserver: bin/tsserver
  checksum: 062c1cee1990e6b9419ce8a55162b8dc917eb87f807e4de0327dbc1c2fa4e5f61bc0dd4e034d38ff541d1ed0479b53bcee8e4de3a4075c51a1724eb6216cb6f5
  languageName: node
  linkType: hard

"undici-types@npm:~5.25.1":
  version: 5.25.3
  resolution: "undici-types@npm:5.25.3"
  checksum: 60a47c6db451c00d27186d86a41fbd9677fa1f6d1a5350bff342c3985bd79fc3f5a638ebf56bbce21df46c701a687db43b3fbd588e1726e58047cea14d182fef
  languageName: node
  linkType: hard

"ynab-csv-converter@workspace:.":
  version: 0.0.0-use.local
  resolution: "ynab-csv-converter@workspace:."
  dependencies:
    "@types/node": "npm:^20.8.7"
    csv: "npm:^6.3.5"
    iso-country-currency: "npm:^0.7.2"
    typescript: "npm:^5.2.2"
  languageName: unknown
  linkType: soft
